// !$*UTF8*$!
{
	archiveVersion = 1;
	classes = {
	};
	objectVersion = 51;
	objects = {

/* Begin PBXBuildFile section */
		0C0A35E514AD26944AA4478D /* Pods_GalleryApp.framework in Frameworks */ = {isa = PBXBuildFile; fileRef = 9D321EDE5B56A1BCAD27ABD8 /* Pods_GalleryApp.framework */; };
		F3ACF2DB256EABB200BB4739 /* AppDelegate.swift in Sources */ = {isa = PBXBuildFile; fileRef = F3ACF2DA256EABB200BB4739 /* AppDelegate.swift */; };
		F3ACF2DF256EABB200BB4739 /* HomeViewController.swift in Sources */ = {isa = PBXBuildFile; fileRef = F3ACF2DE256EABB200BB4739 /* HomeViewController.swift */; };
		F3ACF2E4256EABB600BB4739 /* Assets.xcassets in Resources */ = {isa = PBXBuildFile; fileRef = F3ACF2E3256EABB600BB4739 /* Assets.xcassets */; };
		F3ACF2E7256EABB600BB4739 /* LaunchScreen.storyboard in Resources */ = {isa = PBXBuildFile; fileRef = F3ACF2E5256EABB600BB4739 /* LaunchScreen.storyboard */; };
		F3ACF2FC256EB07800BB4739 /* HomePresenter.swift in Sources */ = {isa = PBXBuildFile; fileRef = F3ACF2FB256EB07800BB4739 /* HomePresenter.swift */; };
		F3ACF2FF256EB08600BB4739 /* HomeInteractor.swift in Sources */ = {isa = PBXBuildFile; fileRef = F3ACF2FE256EB08600BB4739 /* HomeInteractor.swift */; };
		F3ACF303256EB09A00BB4739 /* HomeAssembly.swift in Sources */ = {isa = PBXBuildFile; fileRef = F3ACF302256EB09A00BB4739 /* HomeAssembly.swift */; };
		F3ACF306256EB0A600BB4739 /* HomeRouter.swift in Sources */ = {isa = PBXBuildFile; fileRef = F3ACF305256EB0A600BB4739 /* HomeRouter.swift */; };
		F3ACF30B256EB14A00BB4739 /* Assembly.swift in Sources */ = {isa = PBXBuildFile; fileRef = F3ACF30A256EB14A00BB4739 /* Assembly.swift */; };
		F3ACF313256EB2E000BB4739 /* CellConfigurator.swift in Sources */ = {isa = PBXBuildFile; fileRef = F3ACF312256EB2E000BB4739 /* CellConfigurator.swift */; };
		F3ACF316256EB2EF00BB4739 /* Configurable.swift in Sources */ = {isa = PBXBuildFile; fileRef = F3ACF315256EB2EF00BB4739 /* Configurable.swift */; };
		F3ACF319256EB30300BB4739 /* CollectionCellConfigurator.swift in Sources */ = {isa = PBXBuildFile; fileRef = F3ACF318256EB30300BB4739 /* CollectionCellConfigurator.swift */; };
		F3ACF31C256EB56D00BB4739 /* ModuleTransitionHandler.swift in Sources */ = {isa = PBXBuildFile; fileRef = F3ACF31B256EB56D00BB4739 /* ModuleTransitionHandler.swift */; };
		F3ACF322256EB99900BB4739 /* HomeCell.swift in Sources */ = {isa = PBXBuildFile; fileRef = F3ACF321256EB99900BB4739 /* HomeCell.swift */; };
		F3ACF325256EBA2400BB4739 /* ImageModel.swift in Sources */ = {isa = PBXBuildFile; fileRef = F3ACF324256EBA2400BB4739 /* ImageModel.swift */; };
		F3ACF32A256EBF2500BB4739 /* HomeService.swift in Sources */ = {isa = PBXBuildFile; fileRef = F3ACF329256EBF2500BB4739 /* HomeService.swift */; };
		F3ACF33A256FCA6500BB4739 /* className.swift in Sources */ = {isa = PBXBuildFile; fileRef = F3ACF339256FCA6500BB4739 /* className.swift */; };
		F3ACF33D256FCA8400BB4739 /* Register.swift in Sources */ = {isa = PBXBuildFile; fileRef = F3ACF33C256FCA8400BB4739 /* Register.swift */; };
		F3ACF340256FCB3600BB4739 /* HomeViewModel.swift in Sources */ = {isa = PBXBuildFile; fileRef = F3ACF33F256FCB3600BB4739 /* HomeViewModel.swift */; };
		F3ACF344256FCB4E00BB4739 /* HomeDataProvider.swift in Sources */ = {isa = PBXBuildFile; fileRef = F3ACF343256FCB4E00BB4739 /* HomeDataProvider.swift */; };
/* End PBXBuildFile section */

/* Begin PBXFileReference section */
		9D321EDE5B56A1BCAD27ABD8 /* Pods_GalleryApp.framework */ = {isa = PBXFileReference; explicitFileType = wrapper.framework; includeInIndex = 0; path = Pods_GalleryApp.framework; sourceTree = BUILT_PRODUCTS_DIR; };
		A5708FEBD0AE9A4BD7766B28 /* Pods-GalleryApp.debug.xcconfig */ = {isa = PBXFileReference; includeInIndex = 1; lastKnownFileType = text.xcconfig; name = "Pods-GalleryApp.debug.xcconfig"; path = "Target Support Files/Pods-GalleryApp/Pods-GalleryApp.debug.xcconfig"; sourceTree = "<group>"; };
		D1402983D8D5E2F4E1CB2563 /* Pods-GalleryApp.release.xcconfig */ = {isa = PBXFileReference; includeInIndex = 1; lastKnownFileType = text.xcconfig; name = "Pods-GalleryApp.release.xcconfig"; path = "Target Support Files/Pods-GalleryApp/Pods-GalleryApp.release.xcconfig"; sourceTree = "<group>"; };
		F3ACF2D7256EABB200BB4739 /* GalleryApp.app */ = {isa = PBXFileReference; explicitFileType = wrapper.application; includeInIndex = 0; path = GalleryApp.app; sourceTree = BUILT_PRODUCTS_DIR; };
		F3ACF2DA256EABB200BB4739 /* AppDelegate.swift */ = {isa = PBXFileReference; lastKnownFileType = sourcecode.swift; path = AppDelegate.swift; sourceTree = "<group>"; };
		F3ACF2DE256EABB200BB4739 /* HomeViewController.swift */ = {isa = PBXFileReference; lastKnownFileType = sourcecode.swift; path = HomeViewController.swift; sourceTree = "<group>"; };
		F3ACF2E3256EABB600BB4739 /* Assets.xcassets */ = {isa = PBXFileReference; lastKnownFileType = folder.assetcatalog; path = Assets.xcassets; sourceTree = "<group>"; };
		F3ACF2E6256EABB600BB4739 /* Base */ = {isa = PBXFileReference; lastKnownFileType = file.storyboard; name = Base; path = Base.lproj/LaunchScreen.storyboard; sourceTree = "<group>"; };
		F3ACF2E8256EABB600BB4739 /* Info.plist */ = {isa = PBXFileReference; lastKnownFileType = text.plist.xml; path = Info.plist; sourceTree = "<group>"; };
		F3ACF2FB256EB07800BB4739 /* HomePresenter.swift */ = {isa = PBXFileReference; lastKnownFileType = sourcecode.swift; path = HomePresenter.swift; sourceTree = "<group>"; };
		F3ACF2FE256EB08600BB4739 /* HomeInteractor.swift */ = {isa = PBXFileReference; lastKnownFileType = sourcecode.swift; path = HomeInteractor.swift; sourceTree = "<group>"; };
		F3ACF302256EB09A00BB4739 /* HomeAssembly.swift */ = {isa = PBXFileReference; lastKnownFileType = sourcecode.swift; path = HomeAssembly.swift; sourceTree = "<group>"; };
		F3ACF305256EB0A600BB4739 /* HomeRouter.swift */ = {isa = PBXFileReference; lastKnownFileType = sourcecode.swift; path = HomeRouter.swift; sourceTree = "<group>"; };
		F3ACF30A256EB14A00BB4739 /* Assembly.swift */ = {isa = PBXFileReference; lastKnownFileType = sourcecode.swift; path = Assembly.swift; sourceTree = "<group>"; };
		F3ACF312256EB2E000BB4739 /* CellConfigurator.swift */ = {isa = PBXFileReference; lastKnownFileType = sourcecode.swift; path = CellConfigurator.swift; sourceTree = "<group>"; };
		F3ACF315256EB2EF00BB4739 /* Configurable.swift */ = {isa = PBXFileReference; lastKnownFileType = sourcecode.swift; path = Configurable.swift; sourceTree = "<group>"; };
		F3ACF318256EB30300BB4739 /* CollectionCellConfigurator.swift */ = {isa = PBXFileReference; lastKnownFileType = sourcecode.swift; path = CollectionCellConfigurator.swift; sourceTree = "<group>"; };
		F3ACF31B256EB56D00BB4739 /* ModuleTransitionHandler.swift */ = {isa = PBXFileReference; lastKnownFileType = sourcecode.swift; path = ModuleTransitionHandler.swift; sourceTree = "<group>"; };
		F3ACF321256EB99900BB4739 /* HomeCell.swift */ = {isa = PBXFileReference; lastKnownFileType = sourcecode.swift; path = HomeCell.swift; sourceTree = "<group>"; };
		F3ACF324256EBA2400BB4739 /* ImageModel.swift */ = {isa = PBXFileReference; lastKnownFileType = sourcecode.swift; path = ImageModel.swift; sourceTree = "<group>"; };
		F3ACF329256EBF2500BB4739 /* HomeService.swift */ = {isa = PBXFileReference; lastKnownFileType = sourcecode.swift; path = HomeService.swift; sourceTree = "<group>"; };
		F3ACF339256FCA6500BB4739 /* className.swift */ = {isa = PBXFileReference; lastKnownFileType = sourcecode.swift; path = className.swift; sourceTree = "<group>"; };
		F3ACF33C256FCA8400BB4739 /* Register.swift */ = {isa = PBXFileReference; lastKnownFileType = sourcecode.swift; path = Register.swift; sourceTree = "<group>"; };
		F3ACF33F256FCB3600BB4739 /* HomeViewModel.swift */ = {isa = PBXFileReference; lastKnownFileType = sourcecode.swift; path = HomeViewModel.swift; sourceTree = "<group>"; };
		F3ACF343256FCB4E00BB4739 /* HomeDataProvider.swift */ = {isa = PBXFileReference; lastKnownFileType = sourcecode.swift; path = HomeDataProvider.swift; sourceTree = "<group>"; };
/* End PBXFileReference section */

/* Begin PBXFrameworksBuildPhase section */
		F3ACF2D4256EABB200BB4739 /* Frameworks */ = {
			isa = PBXFrameworksBuildPhase;
			buildActionMask = 2147483647;
			files = (
				0C0A35E514AD26944AA4478D /* Pods_GalleryApp.framework in Frameworks */,
			);
			runOnlyForDeploymentPostprocessing = 0;
		};
/* End PBXFrameworksBuildPhase section */

/* Begin PBXGroup section */
		532EE57ED0EEC89307DA7AFD /* Pods */ = {
			isa = PBXGroup;
			children = (
				A5708FEBD0AE9A4BD7766B28 /* Pods-GalleryApp.debug.xcconfig */,
				D1402983D8D5E2F4E1CB2563 /* Pods-GalleryApp.release.xcconfig */,
			);
			path = Pods;
			sourceTree = "<group>";
		};
		85B456EB93D35C04465A3EA6 /* Frameworks */ = {
			isa = PBXGroup;
			children = (
				9D321EDE5B56A1BCAD27ABD8 /* Pods_GalleryApp.framework */,
			);
			name = Frameworks;
			sourceTree = "<group>";
		};
		F3ACF2CE256EABB200BB4739 = {
			isa = PBXGroup;
			children = (
				F3ACF2D9256EABB200BB4739 /* GalleryApp */,
				F3ACF2D8256EABB200BB4739 /* Products */,
				532EE57ED0EEC89307DA7AFD /* Pods */,
				85B456EB93D35C04465A3EA6 /* Frameworks */,
			);
			sourceTree = "<group>";
		};
		F3ACF2D8256EABB200BB4739 /* Products */ = {
			isa = PBXGroup;
			children = (
				F3ACF2D7256EABB200BB4739 /* GalleryApp.app */,
			);
			name = Products;
			sourceTree = "<group>";
		};
		F3ACF2D9256EABB200BB4739 /* GalleryApp */ = {
			isa = PBXGroup;
			children = (
				F3ACF2E8256EABB600BB4739 /* Info.plist */,
				F3ACF2F1256EAD9900BB4739 /* Application */,
				F3ACF2F3256EADC700BB4739 /* Modules */,
				F3ACF328256EBF0F00BB4739 /* Service */,
				F3ACF308256EB0B500BB4739 /* Common */,
				F3ACF2F2256EADB500BB4739 /* Resources */,
			);
			path = GalleryApp;
			sourceTree = "<group>";
		};
		F3ACF2F1256EAD9900BB4739 /* Application */ = {
			isa = PBXGroup;
			children = (
				F3ACF2DA256EABB200BB4739 /* AppDelegate.swift */,
				F3ACF2E5256EABB600BB4739 /* LaunchScreen.storyboard */,
			);
			path = Application;
			sourceTree = "<group>";
		};
		F3ACF2F2256EADB500BB4739 /* Resources */ = {
			isa = PBXGroup;
			children = (
				F3ACF2E3256EABB600BB4739 /* Assets.xcassets */,
			);
			path = Resources;
			sourceTree = "<group>";
		};
		F3ACF2F3256EADC700BB4739 /* Modules */ = {
			isa = PBXGroup;
			children = (
				F3ACF2F4256EADEE00BB4739 /* Home */,
			);
			path = Modules;
			sourceTree = "<group>";
		};
		F3ACF2F4256EADEE00BB4739 /* Home */ = {
			isa = PBXGroup;
			children = (
				F3ACF2F9256EAE4400BB4739 /* View */,
				F3ACF2F8256EAE3D00BB4739 /* Presenter */,
				F3ACF2FA256EAE4C00BB4739 /* Model */,
				F3ACF2F7256EAE3800BB4739 /* Interactor */,
				F3ACF2F6256EAE3000BB4739 /* Wireframe */,
			);
			path = Home;
			sourceTree = "<group>";
		};
		F3ACF2F6256EAE3000BB4739 /* Wireframe */ = {
			isa = PBXGroup;
			children = (
				F3ACF302256EB09A00BB4739 /* HomeAssembly.swift */,
				F3ACF305256EB0A600BB4739 /* HomeRouter.swift */,
			);
			path = Wireframe;
			sourceTree = "<group>";
		};
		F3ACF2F7256EAE3800BB4739 /* Interactor */ = {
			isa = PBXGroup;
			children = (
				F3ACF2FE256EB08600BB4739 /* HomeInteractor.swift */,
			);
			path = Interactor;
			sourceTree = "<group>";
		};
		F3ACF2F8256EAE3D00BB4739 /* Presenter */ = {
			isa = PBXGroup;
			children = (
				F3ACF342256FCB3B00BB4739 /* DataProvider */,
				F3ACF2FB256EB07800BB4739 /* HomePresenter.swift */,
			);
			path = Presenter;
			sourceTree = "<group>";
		};
		F3ACF2F9256EAE4400BB4739 /* View */ = {
			isa = PBXGroup;
			children = (
				F3ACF320256EB96000BB4739 /* Cells */,
				F3ACF2DE256EABB200BB4739 /* HomeViewController.swift */,
			);
			path = View;
			sourceTree = "<group>";
		};
		F3ACF2FA256EAE4C00BB4739 /* Model */ = {
			isa = PBXGroup;
			children = (
				F3ACF324256EBA2400BB4739 /* ImageModel.swift */,
				F3ACF33F256FCB3600BB4739 /* HomeViewModel.swift */,
			);
			path = Model;
			sourceTree = "<group>";
		};
		F3ACF308256EB0B500BB4739 /* Common */ = {
			isa = PBXGroup;
			children = (
				F3ACF30D256EB25100BB4739 /* CellConfigurator */,
				F3ACF309256EB13B00BB4739 /* Assembly */,
				F3ACF31B256EB56D00BB4739 /* ModuleTransitionHandler.swift */,
				F3ACF339256FCA6500BB4739 /* className.swift */,
				F3ACF33C256FCA8400BB4739 /* Register.swift */,
			);
			path = Common;
			sourceTree = "<group>";
		};
		F3ACF309256EB13B00BB4739 /* Assembly */ = {
			isa = PBXGroup;
			children = (
				F3ACF30A256EB14A00BB4739 /* Assembly.swift */,
			);
			path = Assembly;
			sourceTree = "<group>";
		};
		F3ACF30D256EB25100BB4739 /* CellConfigurator */ = {
			isa = PBXGroup;
			children = (
				F3ACF312256EB2E000BB4739 /* CellConfigurator.swift */,
				F3ACF315256EB2EF00BB4739 /* Configurable.swift */,
				F3ACF318256EB30300BB4739 /* CollectionCellConfigurator.swift */,
			);
			path = CellConfigurator;
			sourceTree = "<group>";
		};
		F3ACF320256EB96000BB4739 /* Cells */ = {
			isa = PBXGroup;
			children = (
				F3ACF321256EB99900BB4739 /* HomeCell.swift */,
			);
			path = Cells;
			sourceTree = "<group>";
		};
		F3ACF328256EBF0F00BB4739 /* Service */ = {
			isa = PBXGroup;
			children = (
				F3ACF329256EBF2500BB4739 /* HomeService.swift */,
			);
			path = Service;
			sourceTree = "<group>";
		};
		F3ACF342256FCB3B00BB4739 /* DataProvider */ = {
			isa = PBXGroup;
			children = (
				F3ACF343256FCB4E00BB4739 /* HomeDataProvider.swift */,
			);
			path = DataProvider;
			sourceTree = "<group>";
		};
/* End PBXGroup section */

/* Begin PBXNativeTarget section */
		F3ACF2D6256EABB200BB4739 /* GalleryApp */ = {
			isa = PBXNativeTarget;
			buildConfigurationList = F3ACF2EB256EABB600BB4739 /* Build configuration list for PBXNativeTarget "GalleryApp" */;
			buildPhases = (
				661F2CFBF0E6755C05BC9507 /* [CP] Check Pods Manifest.lock */,
				F3ACF2D3256EABB200BB4739 /* Sources */,
				F3ACF2D4256EABB200BB4739 /* Frameworks */,
				F3ACF2D5256EABB200BB4739 /* Resources */,
				86740E9549AAD04DB510B8EB /* [CP] Embed Pods Frameworks */,
			);
			buildRules = (
			);
			dependencies = (
			);
			name = GalleryApp;
			productName = GalleryApp;
			productReference = F3ACF2D7256EABB200BB4739 /* GalleryApp.app */;
			productType = "com.apple.product-type.application";
		};
/* End PBXNativeTarget section */

/* Begin PBXProject section */
		F3ACF2CF256EABB200BB4739 /* Project object */ = {
			isa = PBXProject;
			attributes = {
				LastSwiftUpdateCheck = 1210;
				LastUpgradeCheck = 1210;
				TargetAttributes = {
					F3ACF2D6256EABB200BB4739 = {
						CreatedOnToolsVersion = 12.1;
					};
				};
			};
			buildConfigurationList = F3ACF2D2256EABB200BB4739 /* Build configuration list for PBXProject "GalleryApp" */;
			compatibilityVersion = "Xcode 9.3";
			developmentRegion = en;
			hasScannedForEncodings = 0;
			knownRegions = (
				en,
				Base,
			);
			mainGroup = F3ACF2CE256EABB200BB4739;
			productRefGroup = F3ACF2D8256EABB200BB4739 /* Products */;
			projectDirPath = "";
			projectRoot = "";
			targets = (
				F3ACF2D6256EABB200BB4739 /* GalleryApp */,
			);
		};
/* End PBXProject section */

/* Begin PBXResourcesBuildPhase section */
		F3ACF2D5256EABB200BB4739 /* Resources */ = {
			isa = PBXResourcesBuildPhase;
			buildActionMask = 2147483647;
			files = (
				F3ACF2E7256EABB600BB4739 /* LaunchScreen.storyboard in Resources */,
				F3ACF2E4256EABB600BB4739 /* Assets.xcassets in Resources */,
			);
			runOnlyForDeploymentPostprocessing = 0;
		};
/* End PBXResourcesBuildPhase section */

/* Begin PBXShellScriptBuildPhase section */
		661F2CFBF0E6755C05BC9507 /* [CP] Check Pods Manifest.lock */ = {
			isa = PBXShellScriptBuildPhase;
			buildActionMask = 2147483647;
			files = (
			);
			inputFileListPaths = (
			);
			inputPaths = (
				"${PODS_PODFILE_DIR_PATH}/Podfile.lock",
				"${PODS_ROOT}/Manifest.lock",
			);
			name = "[CP] Check Pods Manifest.lock";
			outputFileListPaths = (
			);
			outputPaths = (
				"$(DERIVED_FILE_DIR)/Pods-GalleryApp-checkManifestLockResult.txt",
			);
			runOnlyForDeploymentPostprocessing = 0;
			shellPath = /bin/sh;
			shellScript = "diff \"${PODS_PODFILE_DIR_PATH}/Podfile.lock\" \"${PODS_ROOT}/Manifest.lock\" > /dev/null\nif [ $? != 0 ] ; then\n    # print error to STDERR\n    echo \"error: The sandbox is not in sync with the Podfile.lock. Run 'pod install' or update your CocoaPods installation.\" >&2\n    exit 1\nfi\n# This output is used by Xcode 'outputs' to avoid re-running this script phase.\necho \"SUCCESS\" > \"${SCRIPT_OUTPUT_FILE_0}\"\n";
			showEnvVarsInLog = 0;
		};
		86740E9549AAD04DB510B8EB /* [CP] Embed Pods Frameworks */ = {
			isa = PBXShellScriptBuildPhase;
			buildActionMask = 2147483647;
			files = (
			);
			inputFileListPaths = (
				"${PODS_ROOT}/Target Support Files/Pods-GalleryApp/Pods-GalleryApp-frameworks-${CONFIGURATION}-input-files.xcfilelist",
			);
			name = "[CP] Embed Pods Frameworks";
			outputFileListPaths = (
				"${PODS_ROOT}/Target Support Files/Pods-GalleryApp/Pods-GalleryApp-frameworks-${CONFIGURATION}-output-files.xcfilelist",
			);
			runOnlyForDeploymentPostprocessing = 0;
			shellPath = /bin/sh;
			shellScript = "\"${PODS_ROOT}/Target Support Files/Pods-GalleryApp/Pods-GalleryApp-frameworks.sh\"\n";
			showEnvVarsInLog = 0;
		};
/* End PBXShellScriptBuildPhase section */

/* Begin PBXSourcesBuildPhase section */
		F3ACF2D3256EABB200BB4739 /* Sources */ = {
			isa = PBXSourcesBuildPhase;
			buildActionMask = 2147483647;
			files = (
				F3ACF344256FCB4E00BB4739 /* HomeDataProvider.swift in Sources */,
				F3ACF316256EB2EF00BB4739 /* Configurable.swift in Sources */,
				F3ACF340256FCB3600BB4739 /* HomeViewModel.swift in Sources */,
				F3ACF33D256FCA8400BB4739 /* Register.swift in Sources */,
				F3ACF33A256FCA6500BB4739 /* className.swift in Sources */,
				F3ACF2FC256EB07800BB4739 /* HomePresenter.swift in Sources */,
				F3ACF31C256EB56D00BB4739 /* ModuleTransitionHandler.swift in Sources */,
				F3ACF306256EB0A600BB4739 /* HomeRouter.swift in Sources */,
				F3ACF313256EB2E000BB4739 /* CellConfigurator.swift in Sources */,
				F3ACF322256EB99900BB4739 /* HomeCell.swift in Sources */,
				F3ACF2DF256EABB200BB4739 /* HomeViewController.swift in Sources */,
				F3ACF319256EB30300BB4739 /* CollectionCellConfigurator.swift in Sources */,
				F3ACF32A256EBF2500BB4739 /* HomeService.swift in Sources */,
				F3ACF30B256EB14A00BB4739 /* Assembly.swift in Sources */,
				F3ACF303256EB09A00BB4739 /* HomeAssembly.swift in Sources */,
				F3ACF2DB256EABB200BB4739 /* AppDelegate.swift in Sources */,
				F3ACF2FF256EB08600BB4739 /* HomeInteractor.swift in Sources */,
				F3ACF325256EBA2400BB4739 /* ImageModel.swift in Sources */,
			);
			runOnlyForDeploymentPostprocessing = 0;
		};
/* End PBXSourcesBuildPhase section */

/* Begin PBXVariantGroup section */
		F3ACF2E5256EABB600BB4739 /* LaunchScreen.storyboard */ = {
			isa = PBXVariantGroup;
			children = (
				F3ACF2E6256EABB600BB4739 /* Base */,
			);
			name = LaunchScreen.storyboard;
			sourceTree = "<group>";
		};
/* End PBXVariantGroup section */

/* Begin XCBuildConfiguration section */
		F3ACF2E9256EABB600BB4739 /* Debug */ = {
			isa = XCBuildConfiguration;
			buildSettings = {
				ALWAYS_SEARCH_USER_PATHS = NO;
				CLANG_ANALYZER_NONNULL = YES;
				CLANG_ANALYZER_NUMBER_OBJECT_CONVERSION = YES_AGGRESSIVE;
				CLANG_CXX_LANGUAGE_STANDARD = "gnu++14";
				CLANG_CXX_LIBRARY = "libc++";
				CLANG_ENABLE_MODULES = YES;
				CLANG_ENABLE_OBJC_ARC = YES;
				CLANG_ENABLE_OBJC_WEAK = YES;
				CLANG_WARN_BLOCK_CAPTURE_AUTORELEASING = YES;
				CLANG_WARN_BOOL_CONVERSION = YES;
				CLANG_WARN_COMMA = YES;
				CLANG_WARN_CONSTANT_CONVERSION = YES;
				CLANG_WARN_DEPRECATED_OBJC_IMPLEMENTATIONS = YES;
				CLANG_WARN_DIRECT_OBJC_ISA_USAGE = YES_ERROR;
				CLANG_WARN_DOCUMENTATION_COMMENTS = YES;
				CLANG_WARN_EMPTY_BODY = YES;
				CLANG_WARN_ENUM_CONVERSION = YES;
				CLANG_WARN_INFINITE_RECURSION = YES;
				CLANG_WARN_INT_CONVERSION = YES;
				CLANG_WARN_NON_LITERAL_NULL_CONVERSION = YES;
				CLANG_WARN_OBJC_IMPLICIT_RETAIN_SELF = YES;
				CLANG_WARN_OBJC_LITERAL_CONVERSION = YES;
				CLANG_WARN_OBJC_ROOT_CLASS = YES_ERROR;
				CLANG_WARN_QUOTED_INCLUDE_IN_FRAMEWORK_HEADER = YES;
				CLANG_WARN_RANGE_LOOP_ANALYSIS = YES;
				CLANG_WARN_STRICT_PROTOTYPES = YES;
				CLANG_WARN_SUSPICIOUS_MOVE = YES;
				CLANG_WARN_UNGUARDED_AVAILABILITY = YES_AGGRESSIVE;
				CLANG_WARN_UNREACHABLE_CODE = YES;
				CLANG_WARN__DUPLICATE_METHOD_MATCH = YES;
				COPY_PHASE_STRIP = NO;
				DEBUG_INFORMATION_FORMAT = dwarf;
				ENABLE_STRICT_OBJC_MSGSEND = YES;
				ENABLE_TESTABILITY = YES;
				GCC_C_LANGUAGE_STANDARD = gnu11;
				GCC_DYNAMIC_NO_PIC = NO;
				GCC_NO_COMMON_BLOCKS = YES;
				GCC_OPTIMIZATION_LEVEL = 0;
				GCC_PREPROCESSOR_DEFINITIONS = (
					"DEBUG=1",
					"$(inherited)",
				);
				GCC_WARN_64_TO_32_BIT_CONVERSION = YES;
				GCC_WARN_ABOUT_RETURN_TYPE = YES_ERROR;
				GCC_WARN_UNDECLARED_SELECTOR = YES;
				GCC_WARN_UNINITIALIZED_AUTOS = YES_AGGRESSIVE;
				GCC_WARN_UNUSED_FUNCTION = YES;
				GCC_WARN_UNUSED_VARIABLE = YES;
				IPHONEOS_DEPLOYMENT_TARGET = 14.1;
				MTL_ENABLE_DEBUG_INFO = INCLUDE_SOURCE;
				MTL_FAST_MATH = YES;
				ONLY_ACTIVE_ARCH = YES;
				SDKROOT = iphoneos;
				SWIFT_ACTIVE_COMPILATION_CONDITIONS = DEBUG;
				SWIFT_OPTIMIZATION_LEVEL = "-Onone";
			};
			name = Debug;
		};
		F3ACF2EA256EABB600BB4739 /* Release */ = {
			isa = XCBuildConfiguration;
			buildSettings = {
				ALWAYS_SEARCH_USER_PATHS = NO;
				CLANG_ANALYZER_NONNULL = YES;
				CLANG_ANALYZER_NUMBER_OBJECT_CONVERSION = YES_AGGRESSIVE;
				CLANG_CXX_LANGUAGE_STANDARD = "gnu++14";
				CLANG_CXX_LIBRARY = "libc++";
				CLANG_ENABLE_MODULES = YES;
				CLANG_ENABLE_OBJC_ARC = YES;
				CLANG_ENABLE_OBJC_WEAK = YES;
				CLANG_WARN_BLOCK_CAPTURE_AUTORELEASING = YES;
				CLANG_WARN_BOOL_CONVERSION = YES;
				CLANG_WARN_COMMA = YES;
				CLANG_WARN_CONSTANT_CONVERSION = YES;
				CLANG_WARN_DEPRECATED_OBJC_IMPLEMENTATIONS = YES;
				CLANG_WARN_DIRECT_OBJC_ISA_USAGE = YES_ERROR;
				CLANG_WARN_DOCUMENTATION_COMMENTS = YES;
				CLANG_WARN_EMPTY_BODY = YES;
				CLANG_WARN_ENUM_CONVERSION = YES;
				CLANG_WARN_INFINITE_RECURSION = YES;
				CLANG_WARN_INT_CONVERSION = YES;
				CLANG_WARN_NON_LITERAL_NULL_CONVERSION = YES;
				CLANG_WARN_OBJC_IMPLICIT_RETAIN_SELF = YES;
				CLANG_WARN_OBJC_LITERAL_CONVERSION = YES;
				CLANG_WARN_OBJC_ROOT_CLASS = YES_ERROR;
				CLANG_WARN_QUOTED_INCLUDE_IN_FRAMEWORK_HEADER = YES;
				CLANG_WARN_RANGE_LOOP_ANALYSIS = YES;
				CLANG_WARN_STRICT_PROTOTYPES = YES;
				CLANG_WARN_SUSPICIOUS_MOVE = YES;
				CLANG_WARN_UNGUARDED_AVAILABILITY = YES_AGGRESSIVE;
				CLANG_WARN_UNREACHABLE_CODE = YES;
				CLANG_WARN__DUPLICATE_METHOD_MATCH = YES;
				COPY_PHASE_STRIP = NO;
				DEBUG_INFORMATION_FORMAT = "dwarf-with-dsym";
				ENABLE_NS_ASSERTIONS = NO;
				ENABLE_STRICT_OBJC_MSGSEND = YES;
				GCC_C_LANGUAGE_STANDARD = gnu11;
				GCC_NO_COMMON_BLOCKS = YES;
				GCC_WARN_64_TO_32_BIT_CONVERSION = YES;
				GCC_WARN_ABOUT_RETURN_TYPE = YES_ERROR;
				GCC_WARN_UNDECLARED_SELECTOR = YES;
				GCC_WARN_UNINITIALIZED_AUTOS = YES_AGGRESSIVE;
				GCC_WARN_UNUSED_FUNCTION = YES;
				GCC_WARN_UNUSED_VARIABLE = YES;
				IPHONEOS_DEPLOYMENT_TARGET = 14.1;
				MTL_ENABLE_DEBUG_INFO = NO;
				MTL_FAST_MATH = YES;
				SDKROOT = iphoneos;
				SWIFT_COMPILATION_MODE = wholemodule;
				SWIFT_OPTIMIZATION_LEVEL = "-O";
				VALIDATE_PRODUCT = YES;
			};
			name = Release;
		};
		F3ACF2EC256EABB600BB4739 /* Debug */ = {
			isa = XCBuildConfiguration;
			baseConfigurationReference = A5708FEBD0AE9A4BD7766B28 /* Pods-GalleryApp.debug.xcconfig */;
			buildSettings = {
				ASSETCATALOG_COMPILER_APPICON_NAME = AppIcon;
				ASSETCATALOG_COMPILER_GLOBAL_ACCENT_COLOR_NAME = AccentColor;
				CODE_SIGN_STYLE = Automatic;
				INFOPLIST_FILE = GalleryApp/Info.plist;
				LD_RUNPATH_SEARCH_PATHS = (
					"$(inherited)",
					"@executable_path/Frameworks",
				);
				PRODUCT_BUNDLE_IDENTIFIER = com.test.GalleryApp;
				PRODUCT_NAME = "$(TARGET_NAME)";
				SWIFT_VERSION = 5.0;
				TARGETED_DEVICE_FAMILY = 1;
			};
			name = Debug;
		};
		F3ACF2ED256EABB600BB4739 /* Release */ = {
			isa = XCBuildConfiguration;
			baseConfigurationReference = D1402983D8D5E2F4E1CB2563 /* Pods-GalleryApp.release.xcconfig */;
			buildSettings = {
				ASSETCATALOG_COMPILER_APPICON_NAME = AppIcon;
				ASSETCATALOG_COMPILER_GLOBAL_ACCENT_COLOR_NAME = AccentColor;
				CODE_SIGN_STYLE = Automatic;
				INFOPLIST_FILE = GalleryApp/Info.plist;
				LD_RUNPATH_SEARCH_PATHS = (
					"$(inherited)",
					"@executable_path/Frameworks",
				);
				PRODUCT_BUNDLE_IDENTIFIER = com.test.GalleryApp;
				PRODUCT_NAME = "$(TARGET_NAME)";
				SWIFT_VERSION = 5.0;
				TARGETED_DEVICE_FAMILY = 1;
			};
			name = Release;
		};
/* End XCBuildConfiguration section */

/* Begin XCConfigurationList section */
		F3ACF2D2256EABB200BB4739 /* Build configuration list for PBXProject "GalleryApp" */ = {
			isa = XCConfigurationList;
			buildConfigurations = (
				F3ACF2E9256EABB600BB4739 /* Debug */,
				F3ACF2EA256EABB600BB4739 /* Release */,
			);
			defaultConfigurationIsVisible = 0;
			defaultConfigurationName = Release;
		};
		F3ACF2EB256EABB600BB4739 /* Build configuration list for PBXNativeTarget "GalleryApp" */ = {
			isa = XCConfigurationList;
			buildConfigurations = (
				F3ACF2EC256EABB600BB4739 /* Debug */,
				F3ACF2ED256EABB600BB4739 /* Release */,
			);
			defaultConfigurationIsVisible = 0;
			defaultConfigurationName = Release;
		};
/* End XCConfigurationList section */
	};
	rootObject = F3ACF2CF256EABB200BB4739 /* Project object */;
}
